github.com/aFarkas/lazysizes v0.0.0-20210123121749-0e985e8d8c45/go.mod h1:xl3heUINAn0oPowV1biDQ2Pyw1w3x66I7KEbWkaxox0=
github.com/dnb-hugo/blocks/bootstrap5 v1.0.21/go.mod h1:L+qNBp64WY+BX3NlPnSeaA+UzTaJyeoqEMHaxfeefws=
github.com/dnb-hugo/components/favicon v1.0.16 h1:XhtKnyc0JjfjWKDYy64UDrNNo7NAFfjY7sDt0gTBDso=
github.com/dnb-hugo/components/favicon v1.0.16/go.mod h1:OLw857Qda4zRSHVddf+cjhTA4zEGMVatiYyotJMZZWE=
github.com/dnb-hugo/components/functions v1.0.16/go.mod h1:D1wuewBIRi/K+JS40raRu4iPYReMNYguOF/vXJ7Jv2c=
github.com/dnb-hugo/components/netlification v1.1.8 h1:eARmBWDHS3q0Huesm/VU25U4+JOstfzLlTSiuhJYpw4=
github.com/dnb-hugo/components/netlification v1.1.8/go.mod h1:/iJyqaQDqkx4iUBFMk/8ogo3V8L3tOzwVprsS07+Brc=
github.com/dnb-hugo/components/opensearch v1.0.2/go.mod h1:njg6EUuNlbY4SbhPqXy+3E6Gebn/EwWo/UKws1Ea1mQ=
github.com/dnb-hugo/components/pwa v0.0.6/go.mod h1:0HFgY9Om7yJqjwKPZDatqyy5Kna6w6XAHj0r6aZmCjU=
github.com/dnb-hugo/components/renderhooks v1.0.8/go.mod h1:KO1DI9x5FReibb7cyZfw8AOnfUch+K527Ueb74/6qVo=
github.com/dnb-hugo/components/robots v1.0.5/go.mod h1:bBjleToKX3GqeJJodfd7+Ue6xU3z5x8Zpm+drSUQmrA=
github.com/dnb-hugo/components/search-algolia v1.0.9/go.mod h1:ULfK9ekXLx2M7fzrJQLB5ShALILPwt+qbRQ6EE2YqMU=
github.com/dnb-hugo/components/sitemap v1.0.5/go.mod h1:ubgzNoQXdBxRSUC/szjFzv+CDpWqkEtZplhcqxPGDmY=
github.com/dnb-hugo/components/social v0.0.3/go.mod h1:JhfsOeIFw1pQCOrPq7iz/kZh4/b3MIT/CC9R56yE+gs=
github.com/dnb-hugo/debugprint v1.0.7/go.mod h1:YMvTiP34ADcKHOtCpjeIuzfDyXrh0mSKvfjVt/WXpLM=
github.com/dnb-hugo/garuda v1.4.73 h1:E3iMt79SB9LrNtTbIWVSmnWDc9v5+0gE6xzoWQn4sU4=
github.com/dnb-hugo/garuda v1.4.73/go.mod h1:GFM8G1bhk4SB6oFRIWHalMbbLP2aYKcmgJ/DK17P8Ls=
github.com/dnb-hugo/libraries/bootstrap-icons v1.3.2/go.mod h1:sgKUgwtMNDl9TEalhSHlD6hKoMIsQq/Eps8rDV1Sd28=
github.com/dnb-hugo/libraries/bootstrap5 v1.2.1/go.mod h1:UNoflKG5Rk3Fo5fWS5RfCNEi0gex8AsfxXT8gmdmE0k=
github.com/dnb-hugo/libraries/dayjs v0.0.3/go.mod h1:rpb3QBTz/xqzvU7t9zmGIlqZOStcSL7PMbQ8+ynLQNg=
github.com/dnb-hugo/libraries/lazysizes v1.0.2/go.mod h1:50HoIQcIj2aLYGR92ReyiKOeWy38/y6/yijecjKLE9I=
github.com/dnb-hugo/libraries/popper.js v1.1.2/go.mod h1:I10AsR1CyPWU5cpsSYhpZaeHCfdMownxSDcye/WJvlc=
github.com/dnb-hugo/shortcodes v1.1.16/go.mod h1:sME2rlv6M2XDrBmuVRKFFX3bVW3fDk7hZ0P+2HKh6yQ=
github.com/popperjs/popper-core v2.5.4+incompatible/go.mod h1:rrRYxxxrr6Y+9S8V9ttEFhsPN5sFPapL1QOzxjoDz0o=
github.com/twbs/bootstrap v5.0.0-beta1+incompatible/go.mod h1:fZTSrkpSf0/HkL0IIJzvVspTt1r9zuf7XlZau8kpcY0=
github.com/twbs/icons v1.3.0/go.mod h1:GnRlymgVWp5iVJCMa0Me5b6tFyGpVc2bSxPMRGIJmyA=
