github.com/davidsneighbour/dnb-hugo-libs/bootstrap4 v0.0.0-20201014132939-c6e9d9f734e9 h1:9rKWb9K5Mv+aG9kqZC95H19HPHbKHB0H0WuNb0E1DXA=
github.com/davidsneighbour/dnb-hugo-libs/bootstrap4 v0.0.0-20201014132939-c6e9d9f734e9/go.mod h1:ak+/T98Hi7MeW1THUvPUhIYB7ADVpyhPxNLCWo64LZs=
github.com/davidsneighbour/dnb-hugo/packages/netlification v0.0.0-20201013152246-79b55c3f925c/go.mod h1:+HP3OEPe40Z3qwLDa/nRrt782iM4RSKbRg8uUxPhxV4=
github.com/davidsneighbour/dnb-hugo/packages/robots v0.0.0-20201013152246-79b55c3f925c/go.mod h1:tr3+fxwaaa02abeJUYLo80vYPFyrLDEN+5tMgFzYMQY=
github.com/davidsneighbour/dnb-hugo/packages/shortcodes v0.0.0-20201013152246-79b55c3f925c/go.mod h1:Iwlx/MKzL1/FMxMUqqivYOGU7C1oxaezBcZxdCY+KI4=
github.com/twbs/bootstrap v4.5.3+incompatible/go.mod h1:fZTSrkpSf0/HkL0IIJzvVspTt1r9zuf7XlZau8kpcY0=
